// !$*UTF8*$!
{
	archiveVersion = 1;
	classes = {
	};
	objectVersion = 46;
	objects = {

/* Begin PBXBuildFile section */
		684BC52A2EBADFFF90F64CFE /* libPods-Home4All.a in Frameworks */ = {isa = PBXBuildFile; fileRef = 9118A40865A923609850A045 /* libPods-Home4All.a */; };
		6A077D2B1CC487BD0097915C /* AppDelegate.swift in Sources */ = {isa = PBXBuildFile; fileRef = 6A077D2A1CC487BD0097915C /* AppDelegate.swift */; };
		6A077D2D1CC487BD0097915C /* ViewController.swift in Sources */ = {isa = PBXBuildFile; fileRef = 6A077D2C1CC487BD0097915C /* ViewController.swift */; };
		6A077D301CC487BD0097915C /* Main.storyboard in Resources */ = {isa = PBXBuildFile; fileRef = 6A077D2E1CC487BD0097915C /* Main.storyboard */; };
		6A077D321CC487BD0097915C /* Assets.xcassets in Resources */ = {isa = PBXBuildFile; fileRef = 6A077D311CC487BD0097915C /* Assets.xcassets */; };
		6A077D351CC487BD0097915C /* LaunchScreen.storyboard in Resources */ = {isa = PBXBuildFile; fileRef = 6A077D331CC487BD0097915C /* LaunchScreen.storyboard */; };
		6A077D3D1CC494470097915C /* Home_Start_Page.png in Resources */ = {isa = PBXBuildFile; fileRef = 6A077D3C1CC494470097915C /* Home_Start_Page.png */; };
		6A2EBF9D1CCDB9DF00743491 /* LL_AfterSignInVC.swift in Sources */ = {isa = PBXBuildFile; fileRef = 6A2EBF9C1CCDB9DF00743491 /* LL_AfterSignInVC.swift */; };
		6A841ECF1CC5E4F70077C14F /* GoogleService-Info.plist in Resources */ = {isa = PBXBuildFile; fileRef = 6A841ECE1CC5E4F70077C14F /* GoogleService-Info.plist */; };
		6A841ED51CC5E85F0077C14F /* LLSignInViewController.swift in Sources */ = {isa = PBXBuildFile; fileRef = 6A841ED41CC5E85F0077C14F /* LLSignInViewController.swift */; };
		6A841ED71CC5EAA80077C14F /* TSignInViewController.swift in Sources */ = {isa = PBXBuildFile; fileRef = 6A841ED61CC5EAA80077C14F /* TSignInViewController.swift */; };
		6ABC5C861CC5F21600F85AE4 /* T_AfterSignInVC.swift in Sources */ = {isa = PBXBuildFile; fileRef = 6ABC5C851CC5F21600F85AE4 /* T_AfterSignInVC.swift */; };
		7510FAC31CCB840700A0C05A /* PlacePost.swift in Sources */ = {isa = PBXBuildFile; fileRef = 7510FAC21CCB840700A0C05A /* PlacePost.swift */; };
		751E9CC31CCB6C9C00B95508 /* ImageUploadViewController.swift in Sources */ = {isa = PBXBuildFile; fileRef = 751E9CC21CCB6C9C00B95508 /* ImageUploadViewController.swift */; };
		75E583641CC87E33008682D0 /* LandLordPostViewController.swift in Sources */ = {isa = PBXBuildFile; fileRef = 75E583631CC87E33008682D0 /* LandLordPostViewController.swift */; };
		75E583661CC88D57008682D0 /* AllPostingsViewController.swift in Sources */ = {isa = PBXBuildFile; fileRef = 75E583651CC88D57008682D0 /* AllPostingsViewController.swift */; };
		75F597001CCB9BFA00C9BD09 /* AllPostingsTableViewCell.swift in Sources */ = {isa = PBXBuildFile; fileRef = 75F596FF1CCB9BFA00C9BD09 /* AllPostingsTableViewCell.swift */; };
/* End PBXBuildFile section */

/* Begin PBXFileReference section */
		6A077D271CC487BD0097915C /* Home4All.app */ = {isa = PBXFileReference; explicitFileType = wrapper.application; includeInIndex = 0; path = Home4All.app; sourceTree = BUILT_PRODUCTS_DIR; };
		6A077D2A1CC487BD0097915C /* AppDelegate.swift */ = {isa = PBXFileReference; lastKnownFileType = sourcecode.swift; path = AppDelegate.swift; sourceTree = "<group>"; };
		6A077D2C1CC487BD0097915C /* ViewController.swift */ = {isa = PBXFileReference; lastKnownFileType = sourcecode.swift; path = ViewController.swift; sourceTree = "<group>"; };
		6A077D2F1CC487BD0097915C /* Base */ = {isa = PBXFileReference; lastKnownFileType = file.storyboard; name = Base; path = Base.lproj/Main.storyboard; sourceTree = "<group>"; };
		6A077D311CC487BD0097915C /* Assets.xcassets */ = {isa = PBXFileReference; lastKnownFileType = folder.assetcatalog; path = Assets.xcassets; sourceTree = "<group>"; };
		6A077D341CC487BD0097915C /* Base */ = {isa = PBXFileReference; lastKnownFileType = file.storyboard; name = Base; path = Base.lproj/LaunchScreen.storyboard; sourceTree = "<group>"; };
		6A077D361CC487BD0097915C /* Info.plist */ = {isa = PBXFileReference; lastKnownFileType = text.plist.xml; path = Info.plist; sourceTree = "<group>"; };
		6A077D3C1CC494470097915C /* Home_Start_Page.png */ = {isa = PBXFileReference; lastKnownFileType = image.png; path = Home_Start_Page.png; sourceTree = "<group>"; };
		6A2EBF9C1CCDB9DF00743491 /* LL_AfterSignInVC.swift */ = {isa = PBXFileReference; fileEncoding = 4; lastKnownFileType = sourcecode.swift; path = LL_AfterSignInVC.swift; sourceTree = "<group>"; };
		6A841ECE1CC5E4F70077C14F /* GoogleService-Info.plist */ = {isa = PBXFileReference; fileEncoding = 4; lastKnownFileType = text.plist.xml; path = "GoogleService-Info.plist"; sourceTree = "<group>"; };
		6A841ED01CC5E52D0077C14F /* Home4All-Bridging-Header.h */ = {isa = PBXFileReference; lastKnownFileType = sourcecode.c.h; path = "Home4All-Bridging-Header.h"; sourceTree = "<group>"; };
		6A841ED41CC5E85F0077C14F /* LLSignInViewController.swift */ = {isa = PBXFileReference; fileEncoding = 4; lastKnownFileType = sourcecode.swift; path = LLSignInViewController.swift; sourceTree = "<group>"; };
		6A841ED61CC5EAA80077C14F /* TSignInViewController.swift */ = {isa = PBXFileReference; fileEncoding = 4; lastKnownFileType = sourcecode.swift; path = TSignInViewController.swift; sourceTree = "<group>"; };
		6ABC5C851CC5F21600F85AE4 /* T_AfterSignInVC.swift */ = {isa = PBXFileReference; fileEncoding = 4; lastKnownFileType = sourcecode.swift; path = T_AfterSignInVC.swift; sourceTree = "<group>"; };
		7510FAC21CCB840700A0C05A /* PlacePost.swift */ = {isa = PBXFileReference; fileEncoding = 4; lastKnownFileType = sourcecode.swift; path = PlacePost.swift; sourceTree = "<group>"; };
		751E9CC21CCB6C9C00B95508 /* ImageUploadViewController.swift */ = {isa = PBXFileReference; fileEncoding = 4; lastKnownFileType = sourcecode.swift; path = ImageUploadViewController.swift; sourceTree = "<group>"; };
		75E583631CC87E33008682D0 /* LandLordPostViewController.swift */ = {isa = PBXFileReference; fileEncoding = 4; lastKnownFileType = sourcecode.swift; path = LandLordPostViewController.swift; sourceTree = "<group>"; };
		75E583651CC88D57008682D0 /* AllPostingsViewController.swift */ = {isa = PBXFileReference; fileEncoding = 4; lastKnownFileType = sourcecode.swift; path = AllPostingsViewController.swift; sourceTree = "<group>"; };
		75F596FF1CCB9BFA00C9BD09 /* AllPostingsTableViewCell.swift */ = {isa = PBXFileReference; fileEncoding = 4; lastKnownFileType = sourcecode.swift; path = AllPostingsTableViewCell.swift; sourceTree = "<group>"; };
		9118A40865A923609850A045 /* libPods-Home4All.a */ = {isa = PBXFileReference; explicitFileType = archive.ar; includeInIndex = 0; path = "libPods-Home4All.a"; sourceTree = BUILT_PRODUCTS_DIR; };
		AC3917CDABA139206AA78A63 /* Pods-Home4All.release.xcconfig */ = {isa = PBXFileReference; includeInIndex = 1; lastKnownFileType = text.xcconfig; name = "Pods-Home4All.release.xcconfig"; path = "Pods/Target Support Files/Pods-Home4All/Pods-Home4All.release.xcconfig"; sourceTree = "<group>"; };
		E6418A5695982DBD9212C9B7 /* Pods-Home4All.debug.xcconfig */ = {isa = PBXFileReference; includeInIndex = 1; lastKnownFileType = text.xcconfig; name = "Pods-Home4All.debug.xcconfig"; path = "Pods/Target Support Files/Pods-Home4All/Pods-Home4All.debug.xcconfig"; sourceTree = "<group>"; };
/* End PBXFileReference section */

/* Begin PBXFrameworksBuildPhase section */
		6A077D241CC487BD0097915C /* Frameworks */ = {
			isa = PBXFrameworksBuildPhase;
			buildActionMask = 2147483647;
			files = (
				684BC52A2EBADFFF90F64CFE /* libPods-Home4All.a in Frameworks */,
			);
			runOnlyForDeploymentPostprocessing = 0;
		};
/* End PBXFrameworksBuildPhase section */

/* Begin PBXGroup section */
		44002897178958DF6841EE6B /* Pods */ = {
			isa = PBXGroup;
			children = (
				E6418A5695982DBD9212C9B7 /* Pods-Home4All.debug.xcconfig */,
				AC3917CDABA139206AA78A63 /* Pods-Home4All.release.xcconfig */,
			);
			name = Pods;
			sourceTree = "<group>";
		};
		6A077D1E1CC487BD0097915C = {
			isa = PBXGroup;
			children = (
				6A077D291CC487BD0097915C /* Home4All */,
				6A077D281CC487BD0097915C /* Products */,
				44002897178958DF6841EE6B /* Pods */,
				BA81D9BC3F9832C35E693103 /* Frameworks */,
			);
			sourceTree = "<group>";
		};
		6A077D281CC487BD0097915C /* Products */ = {
			isa = PBXGroup;
			children = (
				6A077D271CC487BD0097915C /* Home4All.app */,
			);
			name = Products;
			sourceTree = "<group>";
		};
		6A077D291CC487BD0097915C /* Home4All */ = {
			isa = PBXGroup;
			children = (
				7510FAC61CCB846C00A0C05A /* Images */,
				7510FAC51CCB843800A0C05A /* Supporting Files */,
				7510FAC41CCB840E00A0C05A /* Model */,
				6A077D2A1CC487BD0097915C /* AppDelegate.swift */,
				6A077D2C1CC487BD0097915C /* ViewController.swift */,
				6A077D2E1CC487BD0097915C /* Main.storyboard */,
				6A077D311CC487BD0097915C /* Assets.xcassets */,
				6A077D331CC487BD0097915C /* LaunchScreen.storyboard */,
				6A841ED41CC5E85F0077C14F /* LLSignInViewController.swift */,
				6A841ED61CC5EAA80077C14F /* TSignInViewController.swift */,
				6ABC5C851CC5F21600F85AE4 /* T_AfterSignInVC.swift */,
				6A2EBF9C1CCDB9DF00743491 /* LL_AfterSignInVC.swift */,
				75E583631CC87E33008682D0 /* LandLordPostViewController.swift */,
				75E583651CC88D57008682D0 /* AllPostingsViewController.swift */,
				751E9CC21CCB6C9C00B95508 /* ImageUploadViewController.swift */,
				75F596FF1CCB9BFA00C9BD09 /* AllPostingsTableViewCell.swift */,
			);
			path = Home4All;
			sourceTree = "<group>";
		};
		7510FAC41CCB840E00A0C05A /* Model */ = {
			isa = PBXGroup;
			children = (
				7510FAC21CCB840700A0C05A /* PlacePost.swift */,
			);
			name = Model;
			sourceTree = "<group>";
		};
		7510FAC51CCB843800A0C05A /* Supporting Files */ = {
			isa = PBXGroup;
			children = (
				6A841ECE1CC5E4F70077C14F /* GoogleService-Info.plist */,
				6A077D361CC487BD0097915C /* Info.plist */,
				6A841ED01CC5E52D0077C14F /* Home4All-Bridging-Header.h */,
			);
			name = "Supporting Files";
			sourceTree = "<group>";
		};
		7510FAC61CCB846C00A0C05A /* Images */ = {
			isa = PBXGroup;
			children = (
				6A077D3C1CC494470097915C /* Home_Start_Page.png */,
			);
			name = Images;
			sourceTree = "<group>";
		};
		BA81D9BC3F9832C35E693103 /* Frameworks */ = {
			isa = PBXGroup;
			children = (
				9118A40865A923609850A045 /* libPods-Home4All.a */,
			);
			name = Frameworks;
			sourceTree = "<group>";
		};
/* End PBXGroup section */

/* Begin PBXNativeTarget section */
		6A077D261CC487BD0097915C /* Home4All */ = {
			isa = PBXNativeTarget;
			buildConfigurationList = 6A077D391CC487BD0097915C /* Build configuration list for PBXNativeTarget "Home4All" */;
			buildPhases = (
				9DCEB175C2B26F86D099BB64 /* 📦 Check Pods Manifest.lock */,
				6A077D231CC487BD0097915C /* Sources */,
				6A077D241CC487BD0097915C /* Frameworks */,
				6A077D251CC487BD0097915C /* Resources */,
				6BEC72CCA1C59657DB7D503E /* 📦 Embed Pods Frameworks */,
				25C2B1B854E7716018CE7F9A /* 📦 Copy Pods Resources */,
			);
			buildRules = (
			);
			dependencies = (
			);
			name = Home4All;
			productName = Home4All;
			productReference = 6A077D271CC487BD0097915C /* Home4All.app */;
			productType = "com.apple.product-type.application";
		};
/* End PBXNativeTarget section */

/* Begin PBXProject section */
		6A077D1F1CC487BD0097915C /* Project object */ = {
			isa = PBXProject;
			attributes = {
				LastSwiftUpdateCheck = 0730;
				LastUpgradeCheck = 0730;
				ORGANIZATIONNAME = Home4All;
				TargetAttributes = {
					6A077D261CC487BD0097915C = {
						CreatedOnToolsVersion = 7.3;
						DevelopmentTeam = 2JEUUG8HC4;
					};
				};
			};
			buildConfigurationList = 6A077D221CC487BD0097915C /* Build configuration list for PBXProject "Home4All" */;
			compatibilityVersion = "Xcode 3.2";
			developmentRegion = English;
			hasScannedForEncodings = 0;
			knownRegions = (
				en,
				Base,
			);
			mainGroup = 6A077D1E1CC487BD0097915C;
			productRefGroup = 6A077D281CC487BD0097915C /* Products */;
			projectDirPath = "";
			projectRoot = "";
			targets = (
				6A077D261CC487BD0097915C /* Home4All */,
			);
		};
/* End PBXProject section */

/* Begin PBXResourcesBuildPhase section */
		6A077D251CC487BD0097915C /* Resources */ = {
			isa = PBXResourcesBuildPhase;
			buildActionMask = 2147483647;
			files = (
				6A077D3D1CC494470097915C /* Home_Start_Page.png in Resources */,
				6A077D351CC487BD0097915C /* LaunchScreen.storyboard in Resources */,
				6A841ECF1CC5E4F70077C14F /* GoogleService-Info.plist in Resources */,
				6A077D321CC487BD0097915C /* Assets.xcassets in Resources */,
				6A077D301CC487BD0097915C /* Main.storyboard in Resources */,
			);
			runOnlyForDeploymentPostprocessing = 0;
		};
/* End PBXResourcesBuildPhase section */

/* Begin PBXShellScriptBuildPhase section */
		25C2B1B854E7716018CE7F9A /* 📦 Copy Pods Resources */ = {
			isa = PBXShellScriptBuildPhase;
			buildActionMask = 2147483647;
			files = (
			);
			inputPaths = (
			);
			name = "📦 Copy Pods Resources";
			outputPaths = (
			);
			runOnlyForDeploymentPostprocessing = 0;
			shellPath = /bin/sh;
			shellScript = "\"${SRCROOT}/Pods/Target Support Files/Pods-Home4All/Pods-Home4All-resources.sh\"\n";
			showEnvVarsInLog = 0;
		};
		6BEC72CCA1C59657DB7D503E /* 📦 Embed Pods Frameworks */ = {
			isa = PBXShellScriptBuildPhase;
			buildActionMask = 2147483647;
			files = (
			);
			inputPaths = (
			);
			name = "📦 Embed Pods Frameworks";
			outputPaths = (
			);
			runOnlyForDeploymentPostprocessing = 0;
			shellPath = /bin/sh;
			shellScript = "\"${SRCROOT}/Pods/Target Support Files/Pods-Home4All/Pods-Home4All-frameworks.sh\"\n";
			showEnvVarsInLog = 0;
		};
		9DCEB175C2B26F86D099BB64 /* 📦 Check Pods Manifest.lock */ = {
			isa = PBXShellScriptBuildPhase;
			buildActionMask = 2147483647;
			files = (
			);
			inputPaths = (
			);
			name = "📦 Check Pods Manifest.lock";
			outputPaths = (
			);
			runOnlyForDeploymentPostprocessing = 0;
			shellPath = /bin/sh;
			shellScript = "diff \"${PODS_ROOT}/../Podfile.lock\" \"${PODS_ROOT}/Manifest.lock\" > /dev/null\nif [[ $? != 0 ]] ; then\n    cat << EOM\nerror: The sandbox is not in sync with the Podfile.lock. Run 'pod install' or update your CocoaPods installation.\nEOM\n    exit 1\nfi\n";
			showEnvVarsInLog = 0;
		};
/* End PBXShellScriptBuildPhase section */

/* Begin PBXSourcesBuildPhase section */
		6A077D231CC487BD0097915C /* Sources */ = {
			isa = PBXSourcesBuildPhase;
			buildActionMask = 2147483647;
			files = (
				75F597001CCB9BFA00C9BD09 /* AllPostingsTableViewCell.swift in Sources */,
				6A841ED51CC5E85F0077C14F /* LLSignInViewController.swift in Sources */,
				6A2EBF9D1CCDB9DF00743491 /* LL_AfterSignInVC.swift in Sources */,
				751E9CC31CCB6C9C00B95508 /* ImageUploadViewController.swift in Sources */,
				6A841ED71CC5EAA80077C14F /* TSignInViewController.swift in Sources */,
				75E583641CC87E33008682D0 /* LandLordPostViewController.swift in Sources */,
				75E583661CC88D57008682D0 /* AllPostingsViewController.swift in Sources */,
				7510FAC31CCB840700A0C05A /* PlacePost.swift in Sources */,
				6A077D2D1CC487BD0097915C /* ViewController.swift in Sources */,
				6ABC5C861CC5F21600F85AE4 /* T_AfterSignInVC.swift in Sources */,
				6A077D2B1CC487BD0097915C /* AppDelegate.swift in Sources */,
			);
			runOnlyForDeploymentPostprocessing = 0;
		};
/* End PBXSourcesBuildPhase section */

/* Begin PBXVariantGroup section */
		6A077D2E1CC487BD0097915C /* Main.storyboard */ = {
			isa = PBXVariantGroup;
			children = (
				6A077D2F1CC487BD0097915C /* Base */,
			);
			name = Main.storyboard;
			sourceTree = "<group>";
		};
		6A077D331CC487BD0097915C /* LaunchScreen.storyboard */ = {
			isa = PBXVariantGroup;
			children = (
				6A077D341CC487BD0097915C /* Base */,
			);
			name = LaunchScreen.storyboard;
			sourceTree = "<group>";
		};
/* End PBXVariantGroup section */

/* Begin XCBuildConfiguration section */
		6A077D371CC487BD0097915C /* Debug */ = {
			isa = XCBuildConfiguration;
			buildSettings = {
				ALWAYS_SEARCH_USER_PATHS = NO;
				CLANG_ANALYZER_NONNULL = YES;
				CLANG_CXX_LANGUAGE_STANDARD = "gnu++0x";
				CLANG_CXX_LIBRARY = "libc++";
				CLANG_ENABLE_MODULES = YES;
				CLANG_ENABLE_OBJC_ARC = YES;
				CLANG_WARN_BOOL_CONVERSION = YES;
				CLANG_WARN_CONSTANT_CONVERSION = YES;
				CLANG_WARN_DIRECT_OBJC_ISA_USAGE = YES_ERROR;
				CLANG_WARN_EMPTY_BODY = YES;
				CLANG_WARN_ENUM_CONVERSION = YES;
				CLANG_WARN_INT_CONVERSION = YES;
				CLANG_WARN_OBJC_ROOT_CLASS = YES_ERROR;
				CLANG_WARN_UNREACHABLE_CODE = YES;
				CLANG_WARN__DUPLICATE_METHOD_MATCH = YES;
				"CODE_SIGN_IDENTITY[sdk=iphoneos*]" = "iPhone Developer";
				COPY_PHASE_STRIP = NO;
				DEBUG_INFORMATION_FORMAT = dwarf;
				ENABLE_STRICT_OBJC_MSGSEND = YES;
				ENABLE_TESTABILITY = YES;
				GCC_C_LANGUAGE_STANDARD = gnu99;
				GCC_DYNAMIC_NO_PIC = NO;
				GCC_NO_COMMON_BLOCKS = YES;
				GCC_OPTIMIZATION_LEVEL = 0;
				GCC_PREPROCESSOR_DEFINITIONS = (
					"DEBUG=1",
					"$(inherited)",
				);
				GCC_WARN_64_TO_32_BIT_CONVERSION = YES;
				GCC_WARN_ABOUT_RETURN_TYPE = YES_ERROR;
				GCC_WARN_UNDECLARED_SELECTOR = YES;
				GCC_WARN_UNINITIALIZED_AUTOS = YES_AGGRESSIVE;
				GCC_WARN_UNUSED_FUNCTION = YES;
				GCC_WARN_UNUSED_VARIABLE = YES;
				IPHONEOS_DEPLOYMENT_TARGET = 9.2;
				MTL_ENABLE_DEBUG_INFO = YES;
				ONLY_ACTIVE_ARCH = YES;
				SDKROOT = iphoneos;
				SWIFT_OPTIMIZATION_LEVEL = "-Onone";
			};
			name = Debug;
		};
		6A077D381CC487BD0097915C /* Release */ = {
			isa = XCBuildConfiguration;
			buildSettings = {
				ALWAYS_SEARCH_USER_PATHS = NO;
				CLANG_ANALYZER_NONNULL = YES;
				CLANG_CXX_LANGUAGE_STANDARD = "gnu++0x";
				CLANG_CXX_LIBRARY = "libc++";
				CLANG_ENABLE_MODULES = YES;
				CLANG_ENABLE_OBJC_ARC = YES;
				CLANG_WARN_BOOL_CONVERSION = YES;
				CLANG_WARN_CONSTANT_CONVERSION = YES;
				CLANG_WARN_DIRECT_OBJC_ISA_USAGE = YES_ERROR;
				CLANG_WARN_EMPTY_BODY = YES;
				CLANG_WARN_ENUM_CONVERSION = YES;
				CLANG_WARN_INT_CONVERSION = YES;
				CLANG_WARN_OBJC_ROOT_CLASS = YES_ERROR;
				CLANG_WARN_UNREACHABLE_CODE = YES;
				CLANG_WARN__DUPLICATE_METHOD_MATCH = YES;
				"CODE_SIGN_IDENTITY[sdk=iphoneos*]" = "iPhone Developer";
				COPY_PHASE_STRIP = NO;
				DEBUG_INFORMATION_FORMAT = "dwarf-with-dsym";
				ENABLE_NS_ASSERTIONS = NO;
				ENABLE_STRICT_OBJC_MSGSEND = YES;
				GCC_C_LANGUAGE_STANDARD = gnu99;
				GCC_NO_COMMON_BLOCKS = YES;
				GCC_WARN_64_TO_32_BIT_CONVERSION = YES;
				GCC_WARN_ABOUT_RETURN_TYPE = YES_ERROR;
				GCC_WARN_UNDECLARED_SELECTOR = YES;
				GCC_WARN_UNINITIALIZED_AUTOS = YES_AGGRESSIVE;
				GCC_WARN_UNUSED_FUNCTION = YES;
				GCC_WARN_UNUSED_VARIABLE = YES;
				IPHONEOS_DEPLOYMENT_TARGET = 9.2;
				MTL_ENABLE_DEBUG_INFO = NO;
				SDKROOT = iphoneos;
				VALIDATE_PRODUCT = YES;
			};
			name = Release;
		};
		6A077D3A1CC487BD0097915C /* Debug */ = {
			isa = XCBuildConfiguration;
			baseConfigurationReference = E6418A5695982DBD9212C9B7 /* Pods-Home4All.debug.xcconfig */;
			buildSettings = {
				ASSETCATALOG_COMPILER_APPICON_NAME = AppIcon;
				CLANG_ENABLE_MODULES = YES;
				INFOPLIST_FILE = Home4All/Info.plist;
				LD_RUNPATH_SEARCH_PATHS = "$(inherited) @executable_path/Frameworks";
				PRODUCT_BUNDLE_IDENTIFIER = com.home4all.Home4All;
				PRODUCT_NAME = "$(TARGET_NAME)";
				SWIFT_OBJC_BRIDGING_HEADER = "Home4All/Home4All-Bridging-Header.h";
				SWIFT_OPTIMIZATION_LEVEL = "-Onone";
				TARGETED_DEVICE_FAMILY = "1,2";
			};
			name = Debug;
		};
		6A077D3B1CC487BD0097915C /* Release */ = {
			isa = XCBuildConfiguration;
			baseConfigurationReference = AC3917CDABA139206AA78A63 /* Pods-Home4All.release.xcconfig */;
			buildSettings = {
				ASSETCATALOG_COMPILER_APPICON_NAME = AppIcon;
				CLANG_ENABLE_MODULES = YES;
				INFOPLIST_FILE = Home4All/Info.plist;
				LD_RUNPATH_SEARCH_PATHS = "$(inherited) @executable_path/Frameworks";
				PRODUCT_BUNDLE_IDENTIFIER = com.home4all.Home4All;
				PRODUCT_NAME = "$(TARGET_NAME)";
				SWIFT_OBJC_BRIDGING_HEADER = "Home4All/Home4All-Bridging-Header.h";
				TARGETED_DEVICE_FAMILY = "1,2";
			};
			name = Release;
		};
/* End XCBuildConfiguration section */

/* Begin XCConfigurationList section */
		6A077D221CC487BD0097915C /* Build configuration list for PBXProject "Home4All" */ = {
			isa = XCConfigurationList;
			buildConfigurations = (
				6A077D371CC487BD0097915C /* Debug */,
				6A077D381CC487BD0097915C /* Release */,
			);
			defaultConfigurationIsVisible = 0;
			defaultConfigurationName = Release;
		};
		6A077D391CC487BD0097915C /* Build configuration list for PBXNativeTarget "Home4All" */ = {
			isa = XCConfigurationList;
			buildConfigurations = (
				6A077D3A1CC487BD0097915C /* Debug */,
				6A077D3B1CC487BD0097915C /* Release */,
			);
			defaultConfigurationIsVisible = 0;
			defaultConfigurationName = Release;
		};
/* End XCConfigurationList section */
	};
	rootObject = 6A077D1F1CC487BD0097915C /* Project object */;
}
